
Microsoft Visual Studio Solution File, Format Version 12.00
# Visual Studio Version 16
VisualStudioVersion = 16.0.30907.101
MinimumVisualStudioVersion = 10.0.40219.1
Project("{FAE04EC0-301F-11D3-BF4B-00C04F79EFBC}") = "HW.05.Task1", "HW.05.Task1\HW.05.Task1.csproj", "{BD930376-0F69-4CA5-824D-A0AD13E4957B}"
EndProject
Project("{FAE04EC0-301F-11D3-BF4B-00C04F79EFBC}") = "HW.05.Task2", "HW.05.Task2\HW.05.Task2.csproj", "{70E75CD3-8616-4DAF-814E-0B0296187C5F}"
EndProject
Project("{FAE04EC0-301F-11D3-BF4B-00C04F79EFBC}") = "HW.05.Task3", "HW.05.Task3\HW.05.Task3.csproj", "{F9B7264A-11B2-4152-9B01-E44BBD6D0AC0}"
EndProject
Project("{FAE04EC0-301F-11D3-BF4B-00C04F79EFBC}") = "HW.05.Task4", "HW.05.Task4\HW.05.Task4.csproj", "{0B206672-2A2C-4FCA-86A3-245CB7FB30BF}"
EndProject
Global
	GlobalSection(SolutionConfigurationPlatforms) = preSolution
		Debug|Any CPU = Debug|Any CPU
		Release|Any CPU = Release|Any CPU
	EndGlobalSection
	GlobalSection(ProjectConfigurationPlatforms) = postSolution
		{BD930376-0F69-4CA5-824D-A0AD13E4957B}.Debug|Any CPU.ActiveCfg = Debug|Any CPU
		{BD930376-0F69-4CA5-824D-A0AD13E4957B}.Debug|Any CPU.Build.0 = Debug|Any CPU
		{BD930376-0F69-4CA5-824D-A0AD13E4957B}.Release|Any CPU.ActiveCfg = Release|Any CPU
		{BD930376-0F69-4CA5-824D-A0AD13E4957B}.Release|Any CPU.Build.0 = Release|Any CPU
		{70E75CD3-8616-4DAF-814E-0B0296187C5F}.Debug|Any CPU.ActiveCfg = Debug|Any CPU
		{70E75CD3-8616-4DAF-814E-0B0296187C5F}.Debug|Any CPU.Build.0 = Debug|Any CPU
		{70E75CD3-8616-4DAF-814E-0B0296187C5F}.Release|Any CPU.ActiveCfg = Release|Any CPU
		{70E75CD3-8616-4DAF-814E-0B0296187C5F}.Release|Any CPU.Build.0 = Release|Any CPU
		{F9B7264A-11B2-4152-9B01-E44BBD6D0AC0}.Debug|Any CPU.ActiveCfg = Debug|Any CPU
		{F9B7264A-11B2-4152-9B01-E44BBD6D0AC0}.Debug|Any CPU.Build.0 = Debug|Any CPU
		{F9B7264A-11B2-4152-9B01-E44BBD6D0AC0}.Release|Any CPU.ActiveCfg = Release|Any CPU
		{F9B7264A-11B2-4152-9B01-E44BBD6D0AC0}.Release|Any CPU.Build.0 = Release|Any CPU
		{0B206672-2A2C-4FCA-86A3-245CB7FB30BF}.Debug|Any CPU.ActiveCfg = Debug|Any CPU
		{0B206672-2A2C-4FCA-86A3-245CB7FB30BF}.Debug|Any CPU.Build.0 = Debug|Any CPU
		{0B206672-2A2C-4FCA-86A3-245CB7FB30BF}.Release|Any CPU.ActiveCfg = Release|Any CPU
		{0B206672-2A2C-4FCA-86A3-245CB7FB30BF}.Release|Any CPU.Build.0 = Release|Any CPU
	EndGlobalSection
	GlobalSection(SolutionProperties) = preSolution
		HideSolutionNode = FALSE
	EndGlobalSection
	GlobalSection(ExtensibilityGlobals) = postSolution
		SolutionGuid = {12A98A79-C6D2-4709-ABB7-B41C44DF2B3D}
	EndGlobalSection
EndGlobal
