
Microsoft Visual Studio Solution File, Format Version 12.00
# Visual Studio Version 16
VisualStudioVersion = 16.0.30907.101
MinimumVisualStudioVersion = 10.0.40219.1
Project("{2150E333-8FDC-42A3-9474-1A3956D46DE8}") = "HW04", "HW04", "{6559897C-FDCE-4496-82A9-A81D4BF74F99}"
EndProject
Project("{FAE04EC0-301F-11D3-BF4B-00C04F79EFBC}") = "HW04.Task1", "HW04.Task1\HW04.Task1.csproj", "{0F0108D0-79E6-4062-914F-5D7B3D5807C9}"
EndProject
Project("{FAE04EC0-301F-11D3-BF4B-00C04F79EFBC}") = "HW04.Task2", "HW04.Task2\HW04.Task2.csproj", "{9C8A8D21-2828-4081-BDD0-665807C3393F}"
EndProject
Project("{FAE04EC0-301F-11D3-BF4B-00C04F79EFBC}") = "HW04.Task3", "HW04.Task3\HW04.Task3.csproj", "{BEFF4FE6-76B9-452A-B11C-3465A7AD923F}"
EndProject
Global
	GlobalSection(SolutionConfigurationPlatforms) = preSolution
		Debug|Any CPU = Debug|Any CPU
		Release|Any CPU = Release|Any CPU
	EndGlobalSection
	GlobalSection(ProjectConfigurationPlatforms) = postSolution
		{0F0108D0-79E6-4062-914F-5D7B3D5807C9}.Debug|Any CPU.ActiveCfg = Debug|Any CPU
		{0F0108D0-79E6-4062-914F-5D7B3D5807C9}.Debug|Any CPU.Build.0 = Debug|Any CPU
		{0F0108D0-79E6-4062-914F-5D7B3D5807C9}.Release|Any CPU.ActiveCfg = Release|Any CPU
		{0F0108D0-79E6-4062-914F-5D7B3D5807C9}.Release|Any CPU.Build.0 = Release|Any CPU
		{9C8A8D21-2828-4081-BDD0-665807C3393F}.Debug|Any CPU.ActiveCfg = Debug|Any CPU
		{9C8A8D21-2828-4081-BDD0-665807C3393F}.Debug|Any CPU.Build.0 = Debug|Any CPU
		{9C8A8D21-2828-4081-BDD0-665807C3393F}.Release|Any CPU.ActiveCfg = Release|Any CPU
		{9C8A8D21-2828-4081-BDD0-665807C3393F}.Release|Any CPU.Build.0 = Release|Any CPU
		{BEFF4FE6-76B9-452A-B11C-3465A7AD923F}.Debug|Any CPU.ActiveCfg = Debug|Any CPU
		{BEFF4FE6-76B9-452A-B11C-3465A7AD923F}.Debug|Any CPU.Build.0 = Debug|Any CPU
		{BEFF4FE6-76B9-452A-B11C-3465A7AD923F}.Release|Any CPU.ActiveCfg = Release|Any CPU
		{BEFF4FE6-76B9-452A-B11C-3465A7AD923F}.Release|Any CPU.Build.0 = Release|Any CPU
	EndGlobalSection
	GlobalSection(SolutionProperties) = preSolution
		HideSolutionNode = FALSE
	EndGlobalSection
	GlobalSection(NestedProjects) = preSolution
		{0F0108D0-79E6-4062-914F-5D7B3D5807C9} = {6559897C-FDCE-4496-82A9-A81D4BF74F99}
		{9C8A8D21-2828-4081-BDD0-665807C3393F} = {6559897C-FDCE-4496-82A9-A81D4BF74F99}
		{BEFF4FE6-76B9-452A-B11C-3465A7AD923F} = {6559897C-FDCE-4496-82A9-A81D4BF74F99}
	EndGlobalSection
	GlobalSection(ExtensibilityGlobals) = postSolution
		SolutionGuid = {12A98A79-C6D2-4709-ABB7-B41C44DF2B3D}
	EndGlobalSection
EndGlobal
